// !$*UTF8*$!
{
	archiveVersion = 1;
	classes = {
	};
	objectVersion = 46;
	objects = {

/* Begin PBXBuildFile section */
		BD14D6641DBDFED20002127D /* AppDelegate.swift in Sources */ = {isa = PBXBuildFile; fileRef = BD14D6631DBDFED20002127D /* AppDelegate.swift */; };
		BD14D6661DBDFED20002127D /* InformationViewController.swift in Sources */ = {isa = PBXBuildFile; fileRef = BD14D6651DBDFED20002127D /* InformationViewController.swift */; };
		BD14D6691DBDFED20002127D /* Main.storyboard in Resources */ = {isa = PBXBuildFile; fileRef = BD14D6671DBDFED20002127D /* Main.storyboard */; };
		BD14D66B1DBDFED20002127D /* Assets.xcassets in Resources */ = {isa = PBXBuildFile; fileRef = BD14D66A1DBDFED20002127D /* Assets.xcassets */; };
		BD14D66E1DBDFED20002127D /* LaunchScreen.storyboard in Resources */ = {isa = PBXBuildFile; fileRef = BD14D66C1DBDFED20002127D /* LaunchScreen.storyboard */; };
		BDB4443C1DBEE0D0007CD26C /* WebViewController.swift in Sources */ = {isa = PBXBuildFile; fileRef = BDB4443B1DBEE0D0007CD26C /* WebViewController.swift */; };
/* End PBXBuildFile section */

/* Begin PBXFileReference section */
		BD14D6601DBDFED20002127D /* SwiftWebViewApp.app */ = {isa = PBXFileReference; explicitFileType = wrapper.application; includeInIndex = 0; path = SwiftWebViewApp.app; sourceTree = BUILT_PRODUCTS_DIR; };
		BD14D6631DBDFED20002127D /* AppDelegate.swift */ = {isa = PBXFileReference; lastKnownFileType = sourcecode.swift; path = AppDelegate.swift; sourceTree = "<group>"; };
		BD14D6651DBDFED20002127D /* InformationViewController.swift */ = {isa = PBXFileReference; lastKnownFileType = sourcecode.swift; path = InformationViewController.swift; sourceTree = "<group>"; };
		BD14D6681DBDFED20002127D /* Base */ = {isa = PBXFileReference; lastKnownFileType = file.storyboard; name = Base; path = Base.lproj/Main.storyboard; sourceTree = "<group>"; };
		BD14D66A1DBDFED20002127D /* Assets.xcassets */ = {isa = PBXFileReference; lastKnownFileType = folder.assetcatalog; path = Assets.xcassets; sourceTree = "<group>"; };
		BD14D66D1DBDFED20002127D /* Base */ = {isa = PBXFileReference; lastKnownFileType = file.storyboard; name = Base; path = Base.lproj/LaunchScreen.storyboard; sourceTree = "<group>"; };
		BD14D66F1DBDFED20002127D /* Info.plist */ = {isa = PBXFileReference; lastKnownFileType = text.plist.xml; path = Info.plist; sourceTree = "<group>"; };
		BDB4443B1DBEE0D0007CD26C /* WebViewController.swift */ = {isa = PBXFileReference; fileEncoding = 4; lastKnownFileType = sourcecode.swift; path = WebViewController.swift; sourceTree = "<group>"; };
/* End PBXFileReference section */

/* Begin PBXFrameworksBuildPhase section */
		BD14D65D1DBDFED10002127D /* Frameworks */ = {
			isa = PBXFrameworksBuildPhase;
			buildActionMask = 2147483647;
			files = (
			);
			runOnlyForDeploymentPostprocessing = 0;
		};
/* End PBXFrameworksBuildPhase section */

/* Begin PBXGroup section */
		BD14D6571DBDFED10002127D = {
			isa = PBXGroup;
			children = (
				BD14D6621DBDFED20002127D /* SwiftWebViewApp */,
				BD14D6611DBDFED20002127D /* Products */,
			);
			sourceTree = "<group>";
		};
		BD14D6611DBDFED20002127D /* Products */ = {
			isa = PBXGroup;
			children = (
				BD14D6601DBDFED20002127D /* SwiftWebViewApp.app */,
			);
			name = Products;
			sourceTree = "<group>";
		};
		BD14D6621DBDFED20002127D /* SwiftWebViewApp */ = {
			isa = PBXGroup;
			children = (
				BD14D6631DBDFED20002127D /* AppDelegate.swift */,
				BD14D6651DBDFED20002127D /* InformationViewController.swift */,
				BDB4443B1DBEE0D0007CD26C /* WebViewController.swift */,
				BD14D6671DBDFED20002127D /* Main.storyboard */,
				BD14D66A1DBDFED20002127D /* Assets.xcassets */,
				BD14D66C1DBDFED20002127D /* LaunchScreen.storyboard */,
				BD14D66F1DBDFED20002127D /* Info.plist */,
			);
			path = SwiftWebViewApp;
			sourceTree = "<group>";
		};
/* End PBXGroup section */

/* Begin PBXNativeTarget section */
		BD14D65F1DBDFED10002127D /* SwiftWebViewApp */ = {
			isa = PBXNativeTarget;
			buildConfigurationList = BD14D6721DBDFED20002127D /* Build configuration list for PBXNativeTarget "SwiftWebViewApp" */;
			buildPhases = (
				BD14D65C1DBDFED10002127D /* Sources */,
				BD14D65D1DBDFED10002127D /* Frameworks */,
				BD14D65E1DBDFED10002127D /* Resources */,
			);
			buildRules = (
			);
			dependencies = (
			);
			name = SwiftWebViewApp;
			productName = SwiftWebViewApp;
			productReference = BD14D6601DBDFED20002127D /* SwiftWebViewApp.app */;
			productType = "com.apple.product-type.application";
		};
/* End PBXNativeTarget section */

/* Begin PBXProject section */
		BD14D6581DBDFED10002127D /* Project object */ = {
			isa = PBXProject;
			attributes = {
				LastSwiftUpdateCheck = 0800;
				LastUpgradeCheck = 0800;
				ORGANIZATIONNAME = "NIFTY Corporation";
				TargetAttributes = {
					BD14D65F1DBDFED10002127D = {
						CreatedOnToolsVersion = 8.0;
						ProvisioningStyle = Automatic;
					};
				};
			};
			buildConfigurationList = BD14D65B1DBDFED10002127D /* Build configuration list for PBXProject "SwiftWebViewApp" */;
			compatibilityVersion = "Xcode 3.2";
			developmentRegion = English;
			hasScannedForEncodings = 0;
			knownRegions = (
				en,
				Base,
			);
			mainGroup = BD14D6571DBDFED10002127D;
			productRefGroup = BD14D6611DBDFED20002127D /* Products */;
			projectDirPath = "";
			projectRoot = "";
			targets = (
				BD14D65F1DBDFED10002127D /* SwiftWebViewApp */,
			);
		};
/* End PBXProject section */

/* Begin PBXResourcesBuildPhase section */
		BD14D65E1DBDFED10002127D /* Resources */ = {
			isa = PBXResourcesBuildPhase;
			buildActionMask = 2147483647;
			files = (
				BD14D66E1DBDFED20002127D /* LaunchScreen.storyboard in Resources */,
				BD14D66B1DBDFED20002127D /* Assets.xcassets in Resources */,
				BD14D6691DBDFED20002127D /* Main.storyboard in Resources */,
			);
			runOnlyForDeploymentPostprocessing = 0;
		};
/* End PBXResourcesBuildPhase section */

/* Begin PBXSourcesBuildPhase section */
		BD14D65C1DBDFED10002127D /* Sources */ = {
			isa = PBXSourcesBuildPhase;
			buildActionMask = 2147483647;
			files = (
				BD14D6661DBDFED20002127D /* InformationViewController.swift in Sources */,
				BDB4443C1DBEE0D0007CD26C /* WebViewController.swift in Sources */,
				BD14D6641DBDFED20002127D /* AppDelegate.swift in Sources */,
			);
			runOnlyForDeploymentPostprocessing = 0;
		};
/* End PBXSourcesBuildPhase section */

/* Begin PBXVariantGroup section */
		BD14D6671DBDFED20002127D /* Main.storyboard */ = {
			isa = PBXVariantGroup;
			children = (
				BD14D6681DBDFED20002127D /* Base */,
			);
			name = Main.storyboard;
			sourceTree = "<group>";
		};
		BD14D66C1DBDFED20002127D /* LaunchScreen.storyboard */ = {
			isa = PBXVariantGroup;
			children = (
				BD14D66D1DBDFED20002127D /* Base */,
			);
			name = LaunchScreen.storyboard;
			sourceTree = "<group>";
		};
/* End PBXVariantGroup section */

/* Begin XCBuildConfiguration section */
		BD14D6701DBDFED20002127D /* Debug */ = {
			isa = XCBuildConfiguration;
			buildSettings = {
				ALWAYS_SEARCH_USER_PATHS = NO;
				CLANG_ANALYZER_NONNULL = YES;
				CLANG_CXX_LANGUAGE_STANDARD = "gnu++0x";
				CLANG_CXX_LIBRARY = "libc++";
				CLANG_ENABLE_MODULES = YES;
				CLANG_ENABLE_OBJC_ARC = YES;
				CLANG_WARN_BOOL_CONVERSION = YES;
				CLANG_WARN_CONSTANT_CONVERSION = YES;
				CLANG_WARN_DIRECT_OBJC_ISA_USAGE = YES_ERROR;
				CLANG_WARN_DOCUMENTATION_COMMENTS = YES;
				CLANG_WARN_EMPTY_BODY = YES;
				CLANG_WARN_ENUM_CONVERSION = YES;
				CLANG_WARN_INFINITE_RECURSION = YES;
				CLANG_WARN_INT_CONVERSION = YES;
				CLANG_WARN_OBJC_ROOT_CLASS = YES_ERROR;
				CLANG_WARN_SUSPICIOUS_MOVES = YES;
				CLANG_WARN_UNREACHABLE_CODE = YES;
				CLANG_WARN__DUPLICATE_METHOD_MATCH = YES;
				"CODE_SIGN_IDENTITY[sdk=iphoneos*]" = "iPhone Developer";
				COPY_PHASE_STRIP = NO;
				DEBUG_INFORMATION_FORMAT = dwarf;
				ENABLE_STRICT_OBJC_MSGSEND = YES;
				ENABLE_TESTABILITY = YES;
				GCC_C_LANGUAGE_STANDARD = gnu99;
				GCC_DYNAMIC_NO_PIC = NO;
				GCC_NO_COMMON_BLOCKS = YES;
				GCC_OPTIMIZATION_LEVEL = 0;
				GCC_PREPROCESSOR_DEFINITIONS = (
					"DEBUG=1",
					"$(inherited)",
				);
				GCC_WARN_64_TO_32_BIT_CONVERSION = YES;
				GCC_WARN_ABOUT_RETURN_TYPE = YES_ERROR;
				GCC_WARN_UNDECLARED_SELECTOR = YES;
				GCC_WARN_UNINITIALIZED_AUTOS = YES_AGGRESSIVE;
				GCC_WARN_UNUSED_FUNCTION = YES;
				GCC_WARN_UNUSED_VARIABLE = YES;
				IPHONEOS_DEPLOYMENT_TARGET = 10.0;
				MTL_ENABLE_DEBUG_INFO = YES;
				ONLY_ACTIVE_ARCH = YES;
				SDKROOT = iphoneos;
				SWIFT_ACTIVE_COMPILATION_CONDITIONS = DEBUG;
				SWIFT_OPTIMIZATION_LEVEL = "-Onone";
				TARGETED_DEVICE_FAMILY = "1,2";
			};
			name = Debug;
		};
		BD14D6711DBDFED20002127D /* Release */ = {
			isa = XCBuildConfiguration;
			buildSettings = {
				ALWAYS_SEARCH_USER_PATHS = NO;
				CLANG_ANALYZER_NONNULL = YES;
				CLANG_CXX_LANGUAGE_STANDARD = "gnu++0x";
				CLANG_CXX_LIBRARY = "libc++";
				CLANG_ENABLE_MODULES = YES;
				CLANG_ENABLE_OBJC_ARC = YES;
				CLANG_WARN_BOOL_CONVERSION = YES;
				CLANG_WARN_CONSTANT_CONVERSION = YES;
				CLANG_WARN_DIRECT_OBJC_ISA_USAGE = YES_ERROR;
				CLANG_WARN_DOCUMENTATION_COMMENTS = YES;
				CLANG_WARN_EMPTY_BODY = YES;
				CLANG_WARN_ENUM_CONVERSION = YES;
				CLANG_WARN_INFINITE_RECURSION = YES;
				CLANG_WARN_INT_CONVERSION = YES;
				CLANG_WARN_OBJC_ROOT_CLASS = YES_ERROR;
				CLANG_WARN_SUSPICIOUS_MOVES = YES;
				CLANG_WARN_UNREACHABLE_CODE = YES;
				CLANG_WARN__DUPLICATE_METHOD_MATCH = YES;
				"CODE_SIGN_IDENTITY[sdk=iphoneos*]" = "iPhone Developer";
				COPY_PHASE_STRIP = NO;
				DEBUG_INFORMATION_FORMAT = "dwarf-with-dsym";
				ENABLE_NS_ASSERTIONS = NO;
				ENABLE_STRICT_OBJC_MSGSEND = YES;
				GCC_C_LANGUAGE_STANDARD = gnu99;
				GCC_NO_COMMON_BLOCKS = YES;
				GCC_WARN_64_TO_32_BIT_CONVERSION = YES;
				GCC_WARN_ABOUT_RETURN_TYPE = YES_ERROR;
				GCC_WARN_UNDECLARED_SELECTOR = YES;
				GCC_WARN_UNINITIALIZED_AUTOS = YES_AGGRESSIVE;
				GCC_WARN_UNUSED_FUNCTION = YES;
				GCC_WARN_UNUSED_VARIABLE = YES;
				IPHONEOS_DEPLOYMENT_TARGET = 10.0;
				MTL_ENABLE_DEBUG_INFO = NO;
				SDKROOT = iphoneos;
				SWIFT_OPTIMIZATION_LEVEL = "-Owholemodule";
				TARGETED_DEVICE_FAMILY = "1,2";
				VALIDATE_PRODUCT = YES;
			};
			name = Release;
		};
		BD14D6731DBDFED20002127D /* Debug */ = {
			isa = XCBuildConfiguration;
			buildSettings = {
				ASSETCATALOG_COMPILER_APPICON_NAME = AppIcon;
				INFOPLIST_FILE = SwiftWebViewApp/Info.plist;
				LD_RUNPATH_SEARCH_PATHS = "$(inherited) @executable_path/Frameworks";
				PRODUCT_BUNDLE_IDENTIFIER = com.mobilebackend.niftycloud.SwiftWebViewApp;
				PRODUCT_NAME = "$(TARGET_NAME)";
				SWIFT_VERSION = 4.2;
			};
			name = Debug;
		};
		BD14D6741DBDFED20002127D /* Release */ = {
			isa = XCBuildConfiguration;
			buildSettings = {
				ASSETCATALOG_COMPILER_APPICON_NAME = AppIcon;
				INFOPLIST_FILE = SwiftWebViewApp/Info.plist;
				LD_RUNPATH_SEARCH_PATHS = "$(inherited) @executable_path/Frameworks";
				PRODUCT_BUNDLE_IDENTIFIER = com.mobilebackend.niftycloud.SwiftWebViewApp;
				PRODUCT_NAME = "$(TARGET_NAME)";
				SWIFT_VERSION = 4.2;
			};
			name = Release;
		};
/* End XCBuildConfiguration section */

/* Begin XCConfigurationList section */
		BD14D65B1DBDFED10002127D /* Build configuration list for PBXProject "SwiftWebViewApp" */ = {
			isa = XCConfigurationList;
			buildConfigurations = (
				BD14D6701DBDFED20002127D /* Debug */,
				BD14D6711DBDFED20002127D /* Release */,
			);
			defaultConfigurationIsVisible = 0;
			defaultConfigurationName = Release;
		};
		BD14D6721DBDFED20002127D /* Build configuration list for PBXNativeTarget "SwiftWebViewApp" */ = {
			isa = XCConfigurationList;
			buildConfigurations = (
				BD14D6731DBDFED20002127D /* Debug */,
				BD14D6741DBDFED20002127D /* Release */,
			);
			defaultConfigurationIsVisible = 0;
			defaultConfigurationName = Release;
		};
/* End XCConfigurationList section */
	};
	rootObject = BD14D6581DBDFED10002127D /* Project object */;
}
